
Microsoft Visual Studio Solution File, Format Version 12.00
# Visual Studio Version 17
VisualStudioVersion = 17.3.32901.215
MinimumVisualStudioVersion = 10.0.40219.1
Project("{FAE04EC0-301F-11D3-BF4B-00C04F79EFBC}") = "Exercicio_POO_08_ContaBancaria", "Exercicio_POO_08_ContaBancaria.csproj", "{58C25997-97E5-4900-8927-0CE1B81A2BA3}"
EndProject
Global
	GlobalSection(SolutionConfigurationPlatforms) = preSolution
		Debug|Any CPU = Debug|Any CPU
		Release|Any CPU = Release|Any CPU
	EndGlobalSection
	GlobalSection(ProjectConfigurationPlatforms) = postSolution
		{58C25997-97E5-4900-8927-0CE1B81A2BA3}.Debug|Any CPU.ActiveCfg = Debug|Any CPU
		{58C25997-97E5-4900-8927-0CE1B81A2BA3}.Debug|Any CPU.Build.0 = Debug|Any CPU
		{58C25997-97E5-4900-8927-0CE1B81A2BA3}.Release|Any CPU.ActiveCfg = Release|Any CPU
		{58C25997-97E5-4900-8927-0CE1B81A2BA3}.Release|Any CPU.Build.0 = Release|Any CPU
	EndGlobalSection
	GlobalSection(SolutionProperties) = preSolution
		HideSolutionNode = FALSE
	EndGlobalSection
	GlobalSection(ExtensibilityGlobals) = postSolution
		SolutionGuid = {C3D6D671-19BF-46FB-98BC-785A972A275E}
	EndGlobalSection
EndGlobal
